
Microsoft Visual Studio Solution File, Format Version 12.00
# Visual Studio Version 17
VisualStudioVersion = 17.1.32407.343
MinimumVisualStudioVersion = 10.0.40219.1
Project("{FAE04EC0-301F-11D3-BF4B-00C04F79EFBC}") = "silahmagazasi_otomasyonu", "silahmagazasi_otomasyonu\silahmagazasi_otomasyonu.csproj", "{2AD034D4-94ED-4FB8-865D-BBB87E93097B}"
EndProject
Global
	GlobalSection(SolutionConfigurationPlatforms) = preSolution
		Debug|Any CPU = Debug|Any CPU
		Release|Any CPU = Release|Any CPU
	EndGlobalSection
	GlobalSection(ProjectConfigurationPlatforms) = postSolution
		{2AD034D4-94ED-4FB8-865D-BBB87E93097B}.Debug|Any CPU.ActiveCfg = Debug|Any CPU
		{2AD034D4-94ED-4FB8-865D-BBB87E93097B}.Debug|Any CPU.Build.0 = Debug|Any CPU
		{2AD034D4-94ED-4FB8-865D-BBB87E93097B}.Release|Any CPU.ActiveCfg = Release|Any CPU
		{2AD034D4-94ED-4FB8-865D-BBB87E93097B}.Release|Any CPU.Build.0 = Release|Any CPU
	EndGlobalSection
	GlobalSection(SolutionProperties) = preSolution
		HideSolutionNode = FALSE
	EndGlobalSection
	GlobalSection(ExtensibilityGlobals) = postSolution
		SolutionGuid = {96E2390C-39A4-4268-ABA6-8E39220C0866}
	EndGlobalSection
EndGlobal
